# THIS IS AN AUTOGENERATED FILE. DO NOT EDIT THIS FILE DIRECTLY.
# yarn lockfile v1


husky@7.0.0:
  version "7.0.0"
  resolved "https://registry.yarnpkg.com/husky/-/husky-7.0.0.tgz#3dbd5d28e76234689ee29bb41e048f28e3e46616"
  integrity sha512-xK7lO0EtSzfFPiw+oQncQVy/XqV7UVVjxBByc+Iv5iK3yhW9boDoWgvZy3OGo48QKg/hUtZkzz0hi2HXa0kn7w==

prettier@2.3.2:
  version "2.3.2"
  resolved "https://registry.yarnpkg.com/prettier/-/prettier-2.3.2.tgz#ef280a05ec253712e486233db5c6f23441e7342d"
  integrity sha512-lnJzDfJ66zkMy58OL5/NY5zp70S7Nz6KqcKkXYzn2tMVrNxvbqaBpg7H3qHaLxCJ5lNMsGuM8+ohS7cZrthdLQ==
